// !$*UTF8*$!
{
	archiveVersion = 1;
	classes = {
	};
	objectVersion = 46;
	objects = {

/* Begin PBXBuildFile section */
		1FFC4EAA2214FC05C10D377C /* Pods_VeeduUITests.framework in Frameworks */ = {isa = PBXBuildFile; fileRef = 0D7B1F57FAA843F3BFA327D7 /* Pods_VeeduUITests.framework */; };
		6595D9CC1E95B78D007E29FF /* GoogleService-Info.plist in Resources */ = {isa = PBXBuildFile; fileRef = 6595D9CB1E95B78D007E29FF /* GoogleService-Info.plist */; };
		6595D9CE1E95BB97007E29FF /* MainTableViewCell.swift in Sources */ = {isa = PBXBuildFile; fileRef = 6595D9CD1E95BB97007E29FF /* MainTableViewCell.swift */; };
		6595D9D01E95C1EA007E29FF /* Item.swift in Sources */ = {isa = PBXBuildFile; fileRef = 6595D9CF1E95C1EA007E29FF /* Item.swift */; };
		65A5A6A31E9473200056D42F /* AppDelegate.swift in Sources */ = {isa = PBXBuildFile; fileRef = 65A5A6A21E9473200056D42F /* AppDelegate.swift */; };
		65A5A6A51E9473200056D42F /* ViewController.swift in Sources */ = {isa = PBXBuildFile; fileRef = 65A5A6A41E9473200056D42F /* ViewController.swift */; };
		65A5A6A81E9473200056D42F /* Main.storyboard in Resources */ = {isa = PBXBuildFile; fileRef = 65A5A6A61E9473200056D42F /* Main.storyboard */; };
		65A5A6AB1E9473200056D42F /* Veedu.xcdatamodeld in Sources */ = {isa = PBXBuildFile; fileRef = 65A5A6A91E9473200056D42F /* Veedu.xcdatamodeld */; };
		65A5A6AD1E9473200056D42F /* Assets.xcassets in Resources */ = {isa = PBXBuildFile; fileRef = 65A5A6AC1E9473200056D42F /* Assets.xcassets */; };
		65A5A6B01E9473200056D42F /* LaunchScreen.storyboard in Resources */ = {isa = PBXBuildFile; fileRef = 65A5A6AE1E9473200056D42F /* LaunchScreen.storyboard */; };
		65A5A6BB1E9473200056D42F /* VeeduTests.swift in Sources */ = {isa = PBXBuildFile; fileRef = 65A5A6BA1E9473200056D42F /* VeeduTests.swift */; };
		65A5A6C61E9473200056D42F /* VeeduUITests.swift in Sources */ = {isa = PBXBuildFile; fileRef = 65A5A6C51E9473200056D42F /* VeeduUITests.swift */; };
		65B734E51E95DCA800506B1F /* PrathibaMain.storyboard in Resources */ = {isa = PBXBuildFile; fileRef = 65B734E41E95DCA800506B1F /* PrathibaMain.storyboard */; };
		65B734E71E95DCBA00506B1F /* JoyMain.storyboard in Resources */ = {isa = PBXBuildFile; fileRef = 65B734E61E95DCBA00506B1F /* JoyMain.storyboard */; };
		65B734E91E95DCD000506B1F /* KevinMain.storyboard in Resources */ = {isa = PBXBuildFile; fileRef = 65B734E81E95DCD000506B1F /* KevinMain.storyboard */; };
		65B734EE1E96028B00506B1F /* FavoritesUIViewController.swift in Sources */ = {isa = PBXBuildFile; fileRef = 65B734ED1E96028B00506B1F /* FavoritesUIViewController.swift */; };
		65B734F01E9602AC00506B1F /* CartViewController.swift in Sources */ = {isa = PBXBuildFile; fileRef = 65B734EF1E9602AC00506B1F /* CartViewController.swift */; };
		65B734F21E9602BA00506B1F /* ProfileViewController.swift in Sources */ = {isa = PBXBuildFile; fileRef = 65B734F11E9602BA00506B1F /* ProfileViewController.swift */; };
		65B734F41E96084300506B1F /* FavoritesTableViewCell.swift in Sources */ = {isa = PBXBuildFile; fileRef = 65B734F31E96084300506B1F /* FavoritesTableViewCell.swift */; };
		65ED5F301E9AB344003DA680 /* CartTableViewCell.swift in Sources */ = {isa = PBXBuildFile; fileRef = 65ED5F2F1E9AB344003DA680 /* CartTableViewCell.swift */; };
		AB763F286B3ABAC2FCA653C6 /* Pods_VeeduTests.framework in Frameworks */ = {isa = PBXBuildFile; fileRef = C68EF2E5115204607A907A9E /* Pods_VeeduTests.framework */; };
		C453B00B1E96C48A0088E827 /* ProductsPerCategoryVC.swift in Sources */ = {isa = PBXBuildFile; fileRef = C453B00A1E96C48A0088E827 /* ProductsPerCategoryVC.swift */; };
		C453B00D1E96C55C0088E827 /* ProductCollectionViewCell.swift in Sources */ = {isa = PBXBuildFile; fileRef = C453B00C1E96C55C0088E827 /* ProductCollectionViewCell.swift */; };
		C461DE081E972454008AE663 /* ProductDetailsVC.swift in Sources */ = {isa = PBXBuildFile; fileRef = C461DE071E972454008AE663 /* ProductDetailsVC.swift */; };
		C461DE0B1E9724DD008AE663 /* ReviewsCell.swift in Sources */ = {isa = PBXBuildFile; fileRef = C461DE091E9724DD008AE663 /* ReviewsCell.swift */; };
		C461DE0C1E9724DD008AE663 /* ReviewsCell.xib in Resources */ = {isa = PBXBuildFile; fileRef = C461DE0A1E9724DD008AE663 /* ReviewsCell.xib */; };
		C461DE0F1E97250C008AE663 /* ProductDetailsCell.swift in Sources */ = {isa = PBXBuildFile; fileRef = C461DE0D1E97250C008AE663 /* ProductDetailsCell.swift */; };
		C461DE101E97250C008AE663 /* ProductDetailsCell.xib in Resources */ = {isa = PBXBuildFile; fileRef = C461DE0E1E97250C008AE663 /* ProductDetailsCell.xib */; };
		C461DE661E984051008AE663 /* Review.swift in Sources */ = {isa = PBXBuildFile; fileRef = C461DE651E984051008AE663 /* Review.swift */; };
		D5EA9E4067EC803D0C75C18E /* Pods_Veedu.framework in Frameworks */ = {isa = PBXBuildFile; fileRef = BADC4B53D548E43EEBBE13E1 /* Pods_Veedu.framework */; };
		E06B6AE21E97C90300E12419 /* HomeVC_Joy.swift in Sources */ = {isa = PBXBuildFile; fileRef = E06B6AE11E97C90300E12419 /* HomeVC_Joy.swift */; };
		E06B6AE41E97C92500E12419 /* BrowseVC.swift in Sources */ = {isa = PBXBuildFile; fileRef = E06B6AE31E97C92500E12419 /* BrowseVC.swift */; };
		E06B6AE61E97D8D100E12419 /* StoryTVCell.swift in Sources */ = {isa = PBXBuildFile; fileRef = E06B6AE51E97D8D100E12419 /* StoryTVCell.swift */; };
		E06B6AE81E97DF7400E12419 /* Story_Joy.swift in Sources */ = {isa = PBXBuildFile; fileRef = E06B6AE71E97DF7400E12419 /* Story_Joy.swift */; };
		E06B6B521E9853A300E12419 /* RoomTabCVCell.swift in Sources */ = {isa = PBXBuildFile; fileRef = E06B6B511E9853A300E12419 /* RoomTabCVCell.swift */; };
		E06B6B571E99FCB600E12419 /* ProductCategoryCVCell.swift in Sources */ = {isa = PBXBuildFile; fileRef = E06B6B561E99FCB600E12419 /* ProductCategoryCVCell.swift */; };
		E06B6B591E9A063C00E12419 /* RoomCategory.swift in Sources */ = {isa = PBXBuildFile; fileRef = E06B6B581E9A063C00E12419 /* RoomCategory.swift */; };
		E0DDD96B1E9A34C3000CFB9D /* ProductCategory.swift in Sources */ = {isa = PBXBuildFile; fileRef = E0DDD96A1E9A34C3000CFB9D /* ProductCategory.swift */; };
		E0E1C5B21E9BCBD0001597E0 /* Helpers.swift in Sources */ = {isa = PBXBuildFile; fileRef = E0E1C5B11E9BCBD0001597E0 /* Helpers.swift */; };
		E0E1C5B61E9BE77E001597E0 /* ActiveCellCVC.swift in Sources */ = {isa = PBXBuildFile; fileRef = E0E1C5B51E9BE77E001597E0 /* ActiveCellCVC.swift */; };
/* End PBXBuildFile section */

/* Begin PBXContainerItemProxy section */
		65A5A6B71E9473200056D42F /* PBXContainerItemProxy */ = {
			isa = PBXContainerItemProxy;
			containerPortal = 65A5A6971E9473200056D42F /* Project object */;
			proxyType = 1;
			remoteGlobalIDString = 65A5A69E1E9473200056D42F;
			remoteInfo = Veedu;
		};
		65A5A6C21E9473200056D42F /* PBXContainerItemProxy */ = {
			isa = PBXContainerItemProxy;
			containerPortal = 65A5A6971E9473200056D42F /* Project object */;
			proxyType = 1;
			remoteGlobalIDString = 65A5A69E1E9473200056D42F;
			remoteInfo = Veedu;
		};
/* End PBXContainerItemProxy section */

/* Begin PBXFileReference section */
		0D7B1F57FAA843F3BFA327D7 /* Pods_VeeduUITests.framework */ = {isa = PBXFileReference; explicitFileType = wrapper.framework; includeInIndex = 0; path = Pods_VeeduUITests.framework; sourceTree = BUILT_PRODUCTS_DIR; };
		234F2E22451543174FB5CADF /* Pods-Veedu.release.xcconfig */ = {isa = PBXFileReference; includeInIndex = 1; lastKnownFileType = text.xcconfig; name = "Pods-Veedu.release.xcconfig"; path = "Pods/Target Support Files/Pods-Veedu/Pods-Veedu.release.xcconfig"; sourceTree = "<group>"; };
		237EACF766333F376CE136F0 /* Pods-VeeduTests.debug.xcconfig */ = {isa = PBXFileReference; includeInIndex = 1; lastKnownFileType = text.xcconfig; name = "Pods-VeeduTests.debug.xcconfig"; path = "Pods/Target Support Files/Pods-VeeduTests/Pods-VeeduTests.debug.xcconfig"; sourceTree = "<group>"; };
		6595D9CB1E95B78D007E29FF /* GoogleService-Info.plist */ = {isa = PBXFileReference; fileEncoding = 4; lastKnownFileType = text.plist.xml; path = "GoogleService-Info.plist"; sourceTree = "<group>"; };
		6595D9CD1E95BB97007E29FF /* MainTableViewCell.swift */ = {isa = PBXFileReference; fileEncoding = 4; lastKnownFileType = sourcecode.swift; path = MainTableViewCell.swift; sourceTree = "<group>"; };
		6595D9CF1E95C1EA007E29FF /* Item.swift */ = {isa = PBXFileReference; fileEncoding = 4; lastKnownFileType = sourcecode.swift; path = Item.swift; sourceTree = "<group>"; };
		65A5A69F1E9473200056D42F /* Veedu.app */ = {isa = PBXFileReference; explicitFileType = wrapper.application; includeInIndex = 0; path = Veedu.app; sourceTree = BUILT_PRODUCTS_DIR; };
		65A5A6A21E9473200056D42F /* AppDelegate.swift */ = {isa = PBXFileReference; lastKnownFileType = sourcecode.swift; path = AppDelegate.swift; sourceTree = "<group>"; };
		65A5A6A41E9473200056D42F /* ViewController.swift */ = {isa = PBXFileReference; lastKnownFileType = sourcecode.swift; path = ViewController.swift; sourceTree = "<group>"; };
		65A5A6A71E9473200056D42F /* Base */ = {isa = PBXFileReference; lastKnownFileType = file.storyboard; name = Base; path = Base.lproj/Main.storyboard; sourceTree = "<group>"; };
		65A5A6AA1E9473200056D42F /* Veedu.xcdatamodel */ = {isa = PBXFileReference; lastKnownFileType = wrapper.xcdatamodel; path = Veedu.xcdatamodel; sourceTree = "<group>"; };
		65A5A6AC1E9473200056D42F /* Assets.xcassets */ = {isa = PBXFileReference; lastKnownFileType = folder.assetcatalog; path = Assets.xcassets; sourceTree = "<group>"; };
		65A5A6AF1E9473200056D42F /* Base */ = {isa = PBXFileReference; lastKnownFileType = file.storyboard; name = Base; path = Base.lproj/LaunchScreen.storyboard; sourceTree = "<group>"; };
		65A5A6B11E9473200056D42F /* Info.plist */ = {isa = PBXFileReference; lastKnownFileType = text.plist.xml; path = Info.plist; sourceTree = "<group>"; };
		65A5A6B61E9473200056D42F /* VeeduTests.xctest */ = {isa = PBXFileReference; explicitFileType = wrapper.cfbundle; includeInIndex = 0; path = VeeduTests.xctest; sourceTree = BUILT_PRODUCTS_DIR; };
		65A5A6BA1E9473200056D42F /* VeeduTests.swift */ = {isa = PBXFileReference; lastKnownFileType = sourcecode.swift; path = VeeduTests.swift; sourceTree = "<group>"; };
		65A5A6BC1E9473200056D42F /* Info.plist */ = {isa = PBXFileReference; lastKnownFileType = text.plist.xml; path = Info.plist; sourceTree = "<group>"; };
		65A5A6C11E9473200056D42F /* VeeduUITests.xctest */ = {isa = PBXFileReference; explicitFileType = wrapper.cfbundle; includeInIndex = 0; path = VeeduUITests.xctest; sourceTree = BUILT_PRODUCTS_DIR; };
		65A5A6C51E9473200056D42F /* VeeduUITests.swift */ = {isa = PBXFileReference; lastKnownFileType = sourcecode.swift; path = VeeduUITests.swift; sourceTree = "<group>"; };
		65A5A6C71E9473200056D42F /* Info.plist */ = {isa = PBXFileReference; lastKnownFileType = text.plist.xml; path = Info.plist; sourceTree = "<group>"; };
		65B734E41E95DCA800506B1F /* PrathibaMain.storyboard */ = {isa = PBXFileReference; fileEncoding = 4; lastKnownFileType = file.storyboard; path = PrathibaMain.storyboard; sourceTree = "<group>"; };
		65B734E61E95DCBA00506B1F /* JoyMain.storyboard */ = {isa = PBXFileReference; fileEncoding = 4; lastKnownFileType = file.storyboard; path = JoyMain.storyboard; sourceTree = "<group>"; };
		65B734E81E95DCD000506B1F /* KevinMain.storyboard */ = {isa = PBXFileReference; fileEncoding = 4; lastKnownFileType = file.storyboard; path = KevinMain.storyboard; sourceTree = "<group>"; };
		65B734ED1E96028B00506B1F /* FavoritesUIViewController.swift */ = {isa = PBXFileReference; fileEncoding = 4; lastKnownFileType = sourcecode.swift; path = FavoritesUIViewController.swift; sourceTree = "<group>"; };
		65B734EF1E9602AC00506B1F /* CartViewController.swift */ = {isa = PBXFileReference; fileEncoding = 4; lastKnownFileType = sourcecode.swift; path = CartViewController.swift; sourceTree = "<group>"; };
		65B734F11E9602BA00506B1F /* ProfileViewController.swift */ = {isa = PBXFileReference; fileEncoding = 4; lastKnownFileType = sourcecode.swift; path = ProfileViewController.swift; sourceTree = "<group>"; };
		65B734F31E96084300506B1F /* FavoritesTableViewCell.swift */ = {isa = PBXFileReference; fileEncoding = 4; lastKnownFileType = sourcecode.swift; path = FavoritesTableViewCell.swift; sourceTree = "<group>"; };
		65ED5F2F1E9AB344003DA680 /* CartTableViewCell.swift */ = {isa = PBXFileReference; fileEncoding = 4; lastKnownFileType = sourcecode.swift; path = CartTableViewCell.swift; sourceTree = "<group>"; };
		6B620D00CCEDE04C4F668473 /* Pods-VeeduTests.release.xcconfig */ = {isa = PBXFileReference; includeInIndex = 1; lastKnownFileType = text.xcconfig; name = "Pods-VeeduTests.release.xcconfig"; path = "Pods/Target Support Files/Pods-VeeduTests/Pods-VeeduTests.release.xcconfig"; sourceTree = "<group>"; };
		8A37C32EA5C692D5C6E6FB32 /* Pods-VeeduUITests.release.xcconfig */ = {isa = PBXFileReference; includeInIndex = 1; lastKnownFileType = text.xcconfig; name = "Pods-VeeduUITests.release.xcconfig"; path = "Pods/Target Support Files/Pods-VeeduUITests/Pods-VeeduUITests.release.xcconfig"; sourceTree = "<group>"; };
		99198D5149E7C5A0620DC2A4 /* Pods-VeeduUITests.debug.xcconfig */ = {isa = PBXFileReference; includeInIndex = 1; lastKnownFileType = text.xcconfig; name = "Pods-VeeduUITests.debug.xcconfig"; path = "Pods/Target Support Files/Pods-VeeduUITests/Pods-VeeduUITests.debug.xcconfig"; sourceTree = "<group>"; };
		9C95596C7056B142BB97C8DE /* Pods-Veedu.debug.xcconfig */ = {isa = PBXFileReference; includeInIndex = 1; lastKnownFileType = text.xcconfig; name = "Pods-Veedu.debug.xcconfig"; path = "Pods/Target Support Files/Pods-Veedu/Pods-Veedu.debug.xcconfig"; sourceTree = "<group>"; };
		BADC4B53D548E43EEBBE13E1 /* Pods_Veedu.framework */ = {isa = PBXFileReference; explicitFileType = wrapper.framework; includeInIndex = 0; path = Pods_Veedu.framework; sourceTree = BUILT_PRODUCTS_DIR; };
		C453B00A1E96C48A0088E827 /* ProductsPerCategoryVC.swift */ = {isa = PBXFileReference; fileEncoding = 4; lastKnownFileType = sourcecode.swift; path = ProductsPerCategoryVC.swift; sourceTree = "<group>"; };
		C453B00C1E96C55C0088E827 /* ProductCollectionViewCell.swift */ = {isa = PBXFileReference; fileEncoding = 4; lastKnownFileType = sourcecode.swift; path = ProductCollectionViewCell.swift; sourceTree = "<group>"; };
		C461DE071E972454008AE663 /* ProductDetailsVC.swift */ = {isa = PBXFileReference; fileEncoding = 4; lastKnownFileType = sourcecode.swift; path = ProductDetailsVC.swift; sourceTree = "<group>"; };
		C461DE091E9724DD008AE663 /* ReviewsCell.swift */ = {isa = PBXFileReference; fileEncoding = 4; lastKnownFileType = sourcecode.swift; path = ReviewsCell.swift; sourceTree = "<group>"; };
		C461DE0A1E9724DD008AE663 /* ReviewsCell.xib */ = {isa = PBXFileReference; fileEncoding = 4; lastKnownFileType = file.xib; path = ReviewsCell.xib; sourceTree = "<group>"; };
		C461DE0D1E97250C008AE663 /* ProductDetailsCell.swift */ = {isa = PBXFileReference; fileEncoding = 4; lastKnownFileType = sourcecode.swift; path = ProductDetailsCell.swift; sourceTree = "<group>"; };
		C461DE0E1E97250C008AE663 /* ProductDetailsCell.xib */ = {isa = PBXFileReference; fileEncoding = 4; lastKnownFileType = file.xib; path = ProductDetailsCell.xib; sourceTree = "<group>"; };
		C461DE651E984051008AE663 /* Review.swift */ = {isa = PBXFileReference; fileEncoding = 4; lastKnownFileType = sourcecode.swift; path = Review.swift; sourceTree = "<group>"; };
		C68EF2E5115204607A907A9E /* Pods_VeeduTests.framework */ = {isa = PBXFileReference; explicitFileType = wrapper.framework; includeInIndex = 0; path = Pods_VeeduTests.framework; sourceTree = BUILT_PRODUCTS_DIR; };
		E06B6AE11E97C90300E12419 /* HomeVC_Joy.swift */ = {isa = PBXFileReference; fileEncoding = 4; lastKnownFileType = sourcecode.swift; path = HomeVC_Joy.swift; sourceTree = "<group>"; };
		E06B6AE31E97C92500E12419 /* BrowseVC.swift */ = {isa = PBXFileReference; fileEncoding = 4; lastKnownFileType = sourcecode.swift; path = BrowseVC.swift; sourceTree = "<group>"; };
		E06B6AE51E97D8D100E12419 /* StoryTVCell.swift */ = {isa = PBXFileReference; fileEncoding = 4; lastKnownFileType = sourcecode.swift; path = StoryTVCell.swift; sourceTree = "<group>"; };
		E06B6AE71E97DF7400E12419 /* Story_Joy.swift */ = {isa = PBXFileReference; fileEncoding = 4; lastKnownFileType = sourcecode.swift; path = Story_Joy.swift; sourceTree = "<group>"; };
		E06B6B511E9853A300E12419 /* RoomTabCVCell.swift */ = {isa = PBXFileReference; fileEncoding = 4; lastKnownFileType = sourcecode.swift; path = RoomTabCVCell.swift; sourceTree = "<group>"; };
		E06B6B561E99FCB600E12419 /* ProductCategoryCVCell.swift */ = {isa = PBXFileReference; fileEncoding = 4; lastKnownFileType = sourcecode.swift; path = ProductCategoryCVCell.swift; sourceTree = "<group>"; };
		E06B6B581E9A063C00E12419 /* RoomCategory.swift */ = {isa = PBXFileReference; fileEncoding = 4; lastKnownFileType = sourcecode.swift; path = RoomCategory.swift; sourceTree = "<group>"; };
		E0DDD96A1E9A34C3000CFB9D /* ProductCategory.swift */ = {isa = PBXFileReference; fileEncoding = 4; lastKnownFileType = sourcecode.swift; path = ProductCategory.swift; sourceTree = "<group>"; };
		E0E1C5B11E9BCBD0001597E0 /* Helpers.swift */ = {isa = PBXFileReference; fileEncoding = 4; lastKnownFileType = sourcecode.swift; path = Helpers.swift; sourceTree = "<group>"; };
		E0E1C5B51E9BE77E001597E0 /* ActiveCellCVC.swift */ = {isa = PBXFileReference; fileEncoding = 4; lastKnownFileType = sourcecode.swift; path = ActiveCellCVC.swift; sourceTree = "<group>"; };
/* End PBXFileReference section */

/* Begin PBXFrameworksBuildPhase section */
		65A5A69C1E9473200056D42F /* Frameworks */ = {
			isa = PBXFrameworksBuildPhase;
			buildActionMask = 2147483647;
			files = (
				D5EA9E4067EC803D0C75C18E /* Pods_Veedu.framework in Frameworks */,
			);
			runOnlyForDeploymentPostprocessing = 0;
		};
		65A5A6B31E9473200056D42F /* Frameworks */ = {
			isa = PBXFrameworksBuildPhase;
			buildActionMask = 2147483647;
			files = (
				AB763F286B3ABAC2FCA653C6 /* Pods_VeeduTests.framework in Frameworks */,
			);
			runOnlyForDeploymentPostprocessing = 0;
		};
		65A5A6BE1E9473200056D42F /* Frameworks */ = {
			isa = PBXFrameworksBuildPhase;
			buildActionMask = 2147483647;
			files = (
				1FFC4EAA2214FC05C10D377C /* Pods_VeeduUITests.framework in Frameworks */,
			);
			runOnlyForDeploymentPostprocessing = 0;
		};
/* End PBXFrameworksBuildPhase section */

/* Begin PBXGroup section */
		65A5A6961E9473200056D42F = {
			isa = PBXGroup;
			children = (
				65A5A6A11E9473200056D42F /* Veedu */,
				65A5A6B91E9473200056D42F /* VeeduTests */,
				65A5A6C41E9473200056D42F /* VeeduUITests */,
				65A5A6A01E9473200056D42F /* Products */,
				BBCB501AF2B4BA35A8FC39E7 /* Pods */,
				8A4BEE35C0204789D2220543 /* Frameworks */,
			);
			sourceTree = "<group>";
		};
		65A5A6A01E9473200056D42F /* Products */ = {
			isa = PBXGroup;
			children = (
				65A5A69F1E9473200056D42F /* Veedu.app */,
				65A5A6B61E9473200056D42F /* VeeduTests.xctest */,
				65A5A6C11E9473200056D42F /* VeeduUITests.xctest */,
			);
			name = Products;
			sourceTree = "<group>";
		};
		65A5A6A11E9473200056D42F /* Veedu */ = {
			isa = PBXGroup;
			children = (
				6595D9CB1E95B78D007E29FF /* GoogleService-Info.plist */,
				65A5A6A21E9473200056D42F /* AppDelegate.swift */,
				65A5A6A41E9473200056D42F /* ViewController.swift */,
				6595D9CD1E95BB97007E29FF /* MainTableViewCell.swift */,
				6595D9CF1E95C1EA007E29FF /* Item.swift */,
				65A5A6A61E9473200056D42F /* Main.storyboard */,
				65B734EC1E95DD1600506B1F /* PrathibaFiles */,
				65B734EB1E95DD0E00506B1F /* JoyFiles */,
				65B734EA1E95DD0100506B1F /* KevinFiles */,
				65A5A6AC1E9473200056D42F /* Assets.xcassets */,
				65A5A6AE1E9473200056D42F /* LaunchScreen.storyboard */,
				65A5A6B11E9473200056D42F /* Info.plist */,
				65A5A6A91E9473200056D42F /* Veedu.xcdatamodeld */,
			);
			path = Veedu;
			sourceTree = "<group>";
		};
		65A5A6B91E9473200056D42F /* VeeduTests */ = {
			isa = PBXGroup;
			children = (
				65A5A6BA1E9473200056D42F /* VeeduTests.swift */,
				65A5A6BC1E9473200056D42F /* Info.plist */,
			);
			path = VeeduTests;
			sourceTree = "<group>";
		};
		65A5A6C41E9473200056D42F /* VeeduUITests */ = {
			isa = PBXGroup;
			children = (
				65A5A6C51E9473200056D42F /* VeeduUITests.swift */,
				65A5A6C71E9473200056D42F /* Info.plist */,
			);
			path = VeeduUITests;
			sourceTree = "<group>";
		};
		65B734EA1E95DD0100506B1F /* KevinFiles */ = {
			isa = PBXGroup;
			children = (
				65B734E81E95DCD000506B1F /* KevinMain.storyboard */,
				65B734F11E9602BA00506B1F /* ProfileViewController.swift */,
				65ED5F311E9AB34B003DA680 /* CartViewControllers */,
				65B734F51E9608B000506B1F /* FavoritesViewControllers */,
			);
			name = KevinFiles;
			sourceTree = "<group>";
		};
		65B734EB1E95DD0E00506B1F /* JoyFiles */ = {
			isa = PBXGroup;
			children = (
				65B734E61E95DCBA00506B1F /* JoyMain.storyboard */,
				E0E1C5B31E9BE72C001597E0 /* Tools */,
				E06B6B541E99FBF200E12419 /* Home */,
				E06B6B551E99FC2D00E12419 /* Browse */,
			);
			name = JoyFiles;
			sourceTree = "<group>";
		};
		65B734EC1E95DD1600506B1F /* PrathibaFiles */ = {
			isa = PBXGroup;
			children = (
				65B734E41E95DCA800506B1F /* PrathibaMain.storyboard */,
				C461DE071E972454008AE663 /* ProductDetailsVC.swift */,
				C453B00A1E96C48A0088E827 /* ProductsPerCategoryVC.swift */,
				C453B00C1E96C55C0088E827 /* ProductCollectionViewCell.swift */,
				C461DE091E9724DD008AE663 /* ReviewsCell.swift */,
				C461DE0A1E9724DD008AE663 /* ReviewsCell.xib */,
				C461DE0D1E97250C008AE663 /* ProductDetailsCell.swift */,
				C461DE0E1E97250C008AE663 /* ProductDetailsCell.xib */,
				C461DE651E984051008AE663 /* Review.swift */,
			);
			name = PrathibaFiles;
			sourceTree = "<group>";
		};
		65B734F51E9608B000506B1F /* FavoritesViewControllers */ = {
			isa = PBXGroup;
			children = (
				65B734F31E96084300506B1F /* FavoritesTableViewCell.swift */,
				65B734ED1E96028B00506B1F /* FavoritesUIViewController.swift */,
			);
			name = FavoritesViewControllers;
			sourceTree = "<group>";
		};
		65ED5F311E9AB34B003DA680 /* CartViewControllers */ = {
			isa = PBXGroup;
			children = (
				65ED5F2F1E9AB344003DA680 /* CartTableViewCell.swift */,
				65B734EF1E9602AC00506B1F /* CartViewController.swift */,
			);
			name = CartViewControllers;
			sourceTree = "<group>";
		};
		8A4BEE35C0204789D2220543 /* Frameworks */ = {
			isa = PBXGroup;
			children = (
				BADC4B53D548E43EEBBE13E1 /* Pods_Veedu.framework */,
				C68EF2E5115204607A907A9E /* Pods_VeeduTests.framework */,
				0D7B1F57FAA843F3BFA327D7 /* Pods_VeeduUITests.framework */,
			);
			name = Frameworks;
			sourceTree = "<group>";
		};
		BBCB501AF2B4BA35A8FC39E7 /* Pods */ = {
			isa = PBXGroup;
			children = (
				9C95596C7056B142BB97C8DE /* Pods-Veedu.debug.xcconfig */,
				234F2E22451543174FB5CADF /* Pods-Veedu.release.xcconfig */,
				237EACF766333F376CE136F0 /* Pods-VeeduTests.debug.xcconfig */,
				6B620D00CCEDE04C4F668473 /* Pods-VeeduTests.release.xcconfig */,
				99198D5149E7C5A0620DC2A4 /* Pods-VeeduUITests.debug.xcconfig */,
				8A37C32EA5C692D5C6E6FB32 /* Pods-VeeduUITests.release.xcconfig */,
			);
			name = Pods;
			sourceTree = "<group>";
		};
		E06B6B541E99FBF200E12419 /* Home */ = {
			isa = PBXGroup;
			children = (
				E06B6B5A1E9A068F00E12419 /* Model_Home */,
				E06B6B5B1E9A06D700E12419 /* Controller_Home */,
			);
			name = Home;
			sourceTree = "<group>";
		};
		E06B6B551E99FC2D00E12419 /* Browse */ = {
			isa = PBXGroup;
			children = (
				E06B6B5D1E9A06F700E12419 /* Model_Browse */,
				E06B6B5C1E9A06EE00E12419 /* Controller_Browse */,
			);
			name = Browse;
			sourceTree = "<group>";
		};
		E06B6B5A1E9A068F00E12419 /* Model_Home */ = {
			isa = PBXGroup;
			children = (
				E06B6AE71E97DF7400E12419 /* Story_Joy.swift */,
			);
			name = Model_Home;
			sourceTree = "<group>";
		};
		E06B6B5B1E9A06D700E12419 /* Controller_Home */ = {
			isa = PBXGroup;
			children = (
				E06B6AE11E97C90300E12419 /* HomeVC_Joy.swift */,
				E06B6AE51E97D8D100E12419 /* StoryTVCell.swift */,
			);
			name = Controller_Home;
			sourceTree = "<group>";
		};
		E06B6B5C1E9A06EE00E12419 /* Controller_Browse */ = {
			isa = PBXGroup;
			children = (
				E06B6AE31E97C92500E12419 /* BrowseVC.swift */,
				E06B6B511E9853A300E12419 /* RoomTabCVCell.swift */,
				E06B6B561E99FCB600E12419 /* ProductCategoryCVCell.swift */,
			);
			name = Controller_Browse;
			sourceTree = "<group>";
		};
		E06B6B5D1E9A06F700E12419 /* Model_Browse */ = {
			isa = PBXGroup;
			children = (
				E06B6B581E9A063C00E12419 /* RoomCategory.swift */,
				E0DDD96A1E9A34C3000CFB9D /* ProductCategory.swift */,
			);
			name = Model_Browse;
			sourceTree = "<group>";
		};
		E0E1C5B31E9BE72C001597E0 /* Tools */ = {
			isa = PBXGroup;
			children = (
				E0E1C5B51E9BE77E001597E0 /* ActiveCellCVC.swift */,
				E0E1C5B11E9BCBD0001597E0 /* Helpers.swift */,
			);
			name = Tools;
			sourceTree = "<group>";
		};
/* End PBXGroup section */

/* Begin PBXNativeTarget section */
		65A5A69E1E9473200056D42F /* Veedu */ = {
			isa = PBXNativeTarget;
			buildConfigurationList = 65A5A6CA1E9473200056D42F /* Build configuration list for PBXNativeTarget "Veedu" */;
			buildPhases = (
				2E0ED7C75CB07A236DAE98EB /* [CP] Check Pods Manifest.lock */,
				65A5A69B1E9473200056D42F /* Sources */,
				65A5A69C1E9473200056D42F /* Frameworks */,
				65A5A69D1E9473200056D42F /* Resources */,
				A6540CF7E876BE4E029E6797 /* [CP] Embed Pods Frameworks */,
				CA6F060BFC7825AC372177C0 /* [CP] Copy Pods Resources */,
			);
			buildRules = (
			);
			dependencies = (
			);
			name = Veedu;
			productName = Veedu;
			productReference = 65A5A69F1E9473200056D42F /* Veedu.app */;
			productType = "com.apple.product-type.application";
		};
		65A5A6B51E9473200056D42F /* VeeduTests */ = {
			isa = PBXNativeTarget;
			buildConfigurationList = 65A5A6CD1E9473200056D42F /* Build configuration list for PBXNativeTarget "VeeduTests" */;
			buildPhases = (
				3AD8B83078C3E55C8F5FF15C /* [CP] Check Pods Manifest.lock */,
				65A5A6B21E9473200056D42F /* Sources */,
				65A5A6B31E9473200056D42F /* Frameworks */,
				65A5A6B41E9473200056D42F /* Resources */,
				C6E09BFD245414D9BA0A4145 /* [CP] Embed Pods Frameworks */,
				1681EA49D051B2C8EF48C792 /* [CP] Copy Pods Resources */,
			);
			buildRules = (
			);
			dependencies = (
				65A5A6B81E9473200056D42F /* PBXTargetDependency */,
			);
			name = VeeduTests;
			productName = VeeduTests;
			productReference = 65A5A6B61E9473200056D42F /* VeeduTests.xctest */;
			productType = "com.apple.product-type.bundle.unit-test";
		};
		65A5A6C01E9473200056D42F /* VeeduUITests */ = {
			isa = PBXNativeTarget;
			buildConfigurationList = 65A5A6D01E9473200056D42F /* Build configuration list for PBXNativeTarget "VeeduUITests" */;
			buildPhases = (
				23575868E43E68338EB1F772 /* [CP] Check Pods Manifest.lock */,
				65A5A6BD1E9473200056D42F /* Sources */,
				65A5A6BE1E9473200056D42F /* Frameworks */,
				65A5A6BF1E9473200056D42F /* Resources */,
				333726B89826AA7F0A0DE5A0 /* [CP] Embed Pods Frameworks */,
				6E7AB3F6774B8E9B10AAB799 /* [CP] Copy Pods Resources */,
			);
			buildRules = (
			);
			dependencies = (
				65A5A6C31E9473200056D42F /* PBXTargetDependency */,
			);
			name = VeeduUITests;
			productName = VeeduUITests;
			productReference = 65A5A6C11E9473200056D42F /* VeeduUITests.xctest */;
			productType = "com.apple.product-type.bundle.ui-testing";
		};
/* End PBXNativeTarget section */

/* Begin PBXProject section */
		65A5A6971E9473200056D42F /* Project object */ = {
			isa = PBXProject;
			attributes = {
				LastSwiftUpdateCheck = 0830;
				LastUpgradeCheck = 0830;
				ORGANIZATIONNAME = com.example;
				TargetAttributes = {
					65A5A69E1E9473200056D42F = {
						CreatedOnToolsVersion = 8.3;
						DevelopmentTeam = L8R43DTS44;
						ProvisioningStyle = Automatic;
					};
					65A5A6B51E9473200056D42F = {
						CreatedOnToolsVersion = 8.3;
						ProvisioningStyle = Automatic;
						TestTargetID = 65A5A69E1E9473200056D42F;
					};
					65A5A6C01E9473200056D42F = {
						CreatedOnToolsVersion = 8.3;
						ProvisioningStyle = Automatic;
						TestTargetID = 65A5A69E1E9473200056D42F;
					};
				};
			};
			buildConfigurationList = 65A5A69A1E9473200056D42F /* Build configuration list for PBXProject "Veedu" */;
			compatibilityVersion = "Xcode 3.2";
			developmentRegion = English;
			hasScannedForEncodings = 0;
			knownRegions = (
				en,
				Base,
			);
			mainGroup = 65A5A6961E9473200056D42F;
			productRefGroup = 65A5A6A01E9473200056D42F /* Products */;
			projectDirPath = "";
			projectRoot = "";
			targets = (
				65A5A69E1E9473200056D42F /* Veedu */,
				65A5A6B51E9473200056D42F /* VeeduTests */,
				65A5A6C01E9473200056D42F /* VeeduUITests */,
			);
		};
/* End PBXProject section */

/* Begin PBXResourcesBuildPhase section */
		65A5A69D1E9473200056D42F /* Resources */ = {
			isa = PBXResourcesBuildPhase;
			buildActionMask = 2147483647;
			files = (
				65A5A6B01E9473200056D42F /* LaunchScreen.storyboard in Resources */,
				65B734E91E95DCD000506B1F /* KevinMain.storyboard in Resources */,
				C461DE101E97250C008AE663 /* ProductDetailsCell.xib in Resources */,
				65A5A6AD1E9473200056D42F /* Assets.xcassets in Resources */,
				65A5A6A81E9473200056D42F /* Main.storyboard in Resources */,
				65B734E51E95DCA800506B1F /* PrathibaMain.storyboard in Resources */,
				C461DE0C1E9724DD008AE663 /* ReviewsCell.xib in Resources */,
				65B734E71E95DCBA00506B1F /* JoyMain.storyboard in Resources */,
				6595D9CC1E95B78D007E29FF /* GoogleService-Info.plist in Resources */,
			);
			runOnlyForDeploymentPostprocessing = 0;
		};
		65A5A6B41E9473200056D42F /* Resources */ = {
			isa = PBXResourcesBuildPhase;
			buildActionMask = 2147483647;
			files = (
			);
			runOnlyForDeploymentPostprocessing = 0;
		};
		65A5A6BF1E9473200056D42F /* Resources */ = {
			isa = PBXResourcesBuildPhase;
			buildActionMask = 2147483647;
			files = (
			);
			runOnlyForDeploymentPostprocessing = 0;
		};
/* End PBXResourcesBuildPhase section */

/* Begin PBXShellScriptBuildPhase section */
		1681EA49D051B2C8EF48C792 /* [CP] Copy Pods Resources */ = {
			isa = PBXShellScriptBuildPhase;
			buildActionMask = 2147483647;
			files = (
			);
			inputPaths = (
			);
			name = "[CP] Copy Pods Resources";
			outputPaths = (
			);
			runOnlyForDeploymentPostprocessing = 0;
			shellPath = /bin/sh;
			shellScript = "\"${SRCROOT}/Pods/Target Support Files/Pods-VeeduTests/Pods-VeeduTests-resources.sh\"\n";
			showEnvVarsInLog = 0;
		};
		23575868E43E68338EB1F772 /* [CP] Check Pods Manifest.lock */ = {
			isa = PBXShellScriptBuildPhase;
			buildActionMask = 2147483647;
			files = (
			);
			inputPaths = (
			);
			name = "[CP] Check Pods Manifest.lock";
			outputPaths = (
			);
			runOnlyForDeploymentPostprocessing = 0;
			shellPath = /bin/sh;
			shellScript = "diff \"${PODS_ROOT}/../Podfile.lock\" \"${PODS_ROOT}/Manifest.lock\" > /dev/null\nif [ $? != 0 ] ; then\n    # print error to STDERR\n    echo \"error: The sandbox is not in sync with the Podfile.lock. Run 'pod install' or update your CocoaPods installation.\" >&2\n    exit 1\nfi\n";
			showEnvVarsInLog = 0;
		};
		2E0ED7C75CB07A236DAE98EB /* [CP] Check Pods Manifest.lock */ = {
			isa = PBXShellScriptBuildPhase;
			buildActionMask = 2147483647;
			files = (
			);
			inputPaths = (
			);
			name = "[CP] Check Pods Manifest.lock";
			outputPaths = (
			);
			runOnlyForDeploymentPostprocessing = 0;
			shellPath = /bin/sh;
			shellScript = "diff \"${PODS_ROOT}/../Podfile.lock\" \"${PODS_ROOT}/Manifest.lock\" > /dev/null\nif [ $? != 0 ] ; then\n    # print error to STDERR\n    echo \"error: The sandbox is not in sync with the Podfile.lock. Run 'pod install' or update your CocoaPods installation.\" >&2\n    exit 1\nfi\n";
			showEnvVarsInLog = 0;
		};
		333726B89826AA7F0A0DE5A0 /* [CP] Embed Pods Frameworks */ = {
			isa = PBXShellScriptBuildPhase;
			buildActionMask = 2147483647;
			files = (
			);
			inputPaths = (
			);
			name = "[CP] Embed Pods Frameworks";
			outputPaths = (
			);
			runOnlyForDeploymentPostprocessing = 0;
			shellPath = /bin/sh;
			shellScript = "\"${SRCROOT}/Pods/Target Support Files/Pods-VeeduUITests/Pods-VeeduUITests-frameworks.sh\"\n";
			showEnvVarsInLog = 0;
		};
		3AD8B83078C3E55C8F5FF15C /* [CP] Check Pods Manifest.lock */ = {
			isa = PBXShellScriptBuildPhase;
			buildActionMask = 2147483647;
			files = (
			);
			inputPaths = (
			);
			name = "[CP] Check Pods Manifest.lock";
			outputPaths = (
			);
			runOnlyForDeploymentPostprocessing = 0;
			shellPath = /bin/sh;
			shellScript = "diff \"${PODS_ROOT}/../Podfile.lock\" \"${PODS_ROOT}/Manifest.lock\" > /dev/null\nif [ $? != 0 ] ; then\n    # print error to STDERR\n    echo \"error: The sandbox is not in sync with the Podfile.lock. Run 'pod install' or update your CocoaPods installation.\" >&2\n    exit 1\nfi\n";
			showEnvVarsInLog = 0;
		};
		6E7AB3F6774B8E9B10AAB799 /* [CP] Copy Pods Resources */ = {
			isa = PBXShellScriptBuildPhase;
			buildActionMask = 2147483647;
			files = (
			);
			inputPaths = (
			);
			name = "[CP] Copy Pods Resources";
			outputPaths = (
			);
			runOnlyForDeploymentPostprocessing = 0;
			shellPath = /bin/sh;
			shellScript = "\"${SRCROOT}/Pods/Target Support Files/Pods-VeeduUITests/Pods-VeeduUITests-resources.sh\"\n";
			showEnvVarsInLog = 0;
		};
		A6540CF7E876BE4E029E6797 /* [CP] Embed Pods Frameworks */ = {
			isa = PBXShellScriptBuildPhase;
			buildActionMask = 2147483647;
			files = (
			);
			inputPaths = (
			);
			name = "[CP] Embed Pods Frameworks";
			outputPaths = (
			);
			runOnlyForDeploymentPostprocessing = 0;
			shellPath = /bin/sh;
			shellScript = "\"${SRCROOT}/Pods/Target Support Files/Pods-Veedu/Pods-Veedu-frameworks.sh\"\n";
			showEnvVarsInLog = 0;
		};
		C6E09BFD245414D9BA0A4145 /* [CP] Embed Pods Frameworks */ = {
			isa = PBXShellScriptBuildPhase;
			buildActionMask = 2147483647;
			files = (
			);
			inputPaths = (
			);
			name = "[CP] Embed Pods Frameworks";
			outputPaths = (
			);
			runOnlyForDeploymentPostprocessing = 0;
			shellPath = /bin/sh;
			shellScript = "\"${SRCROOT}/Pods/Target Support Files/Pods-VeeduTests/Pods-VeeduTests-frameworks.sh\"\n";
			showEnvVarsInLog = 0;
		};
		CA6F060BFC7825AC372177C0 /* [CP] Copy Pods Resources */ = {
			isa = PBXShellScriptBuildPhase;
			buildActionMask = 2147483647;
			files = (
			);
			inputPaths = (
			);
			name = "[CP] Copy Pods Resources";
			outputPaths = (
			);
			runOnlyForDeploymentPostprocessing = 0;
			shellPath = /bin/sh;
			shellScript = "\"${SRCROOT}/Pods/Target Support Files/Pods-Veedu/Pods-Veedu-resources.sh\"\n";
			showEnvVarsInLog = 0;
		};
/* End PBXShellScriptBuildPhase section */

/* Begin PBXSourcesBuildPhase section */
		65A5A69B1E9473200056D42F /* Sources */ = {
			isa = PBXSourcesBuildPhase;
			buildActionMask = 2147483647;
			files = (
				6595D9D01E95C1EA007E29FF /* Item.swift in Sources */,
				65B734F41E96084300506B1F /* FavoritesTableViewCell.swift in Sources */,
				C453B00D1E96C55C0088E827 /* ProductCollectionViewCell.swift in Sources */,
				65A5A6AB1E9473200056D42F /* Veedu.xcdatamodeld in Sources */,
				C461DE0B1E9724DD008AE663 /* ReviewsCell.swift in Sources */,
				E06B6B521E9853A300E12419 /* RoomTabCVCell.swift in Sources */,
				C461DE661E984051008AE663 /* Review.swift in Sources */,
				65B734F01E9602AC00506B1F /* CartViewController.swift in Sources */,
				65ED5F301E9AB344003DA680 /* CartTableViewCell.swift in Sources */,
				C461DE081E972454008AE663 /* ProductDetailsVC.swift in Sources */,
				C453B00B1E96C48A0088E827 /* ProductsPerCategoryVC.swift in Sources */,
				65A5A6A51E9473200056D42F /* ViewController.swift in Sources */,
				6595D9CE1E95BB97007E29FF /* MainTableViewCell.swift in Sources */,
				C461DE0F1E97250C008AE663 /* ProductDetailsCell.swift in Sources */,
				E06B6AE41E97C92500E12419 /* BrowseVC.swift in Sources */,
				65B734EE1E96028B00506B1F /* FavoritesUIViewController.swift in Sources */,
				E0E1C5B61E9BE77E001597E0 /* ActiveCellCVC.swift in Sources */,
				E06B6B571E99FCB600E12419 /* ProductCategoryCVCell.swift in Sources */,
				E06B6AE21E97C90300E12419 /* HomeVC_Joy.swift in Sources */,
				65B734F21E9602BA00506B1F /* ProfileViewController.swift in Sources */,
				E0DDD96B1E9A34C3000CFB9D /* ProductCategory.swift in Sources */,
				E0E1C5B21E9BCBD0001597E0 /* Helpers.swift in Sources */,
				65A5A6A31E9473200056D42F /* AppDelegate.swift in Sources */,
				E06B6AE61E97D8D100E12419 /* StoryTVCell.swift in Sources */,
				E06B6B591E9A063C00E12419 /* RoomCategory.swift in Sources */,
				E06B6AE81E97DF7400E12419 /* Story_Joy.swift in Sources */,
			);
			runOnlyForDeploymentPostprocessing = 0;
		};
		65A5A6B21E9473200056D42F /* Sources */ = {
			isa = PBXSourcesBuildPhase;
			buildActionMask = 2147483647;
			files = (
				65A5A6BB1E9473200056D42F /* VeeduTests.swift in Sources */,
			);
			runOnlyForDeploymentPostprocessing = 0;
		};
		65A5A6BD1E9473200056D42F /* Sources */ = {
			isa = PBXSourcesBuildPhase;
			buildActionMask = 2147483647;
			files = (
				65A5A6C61E9473200056D42F /* VeeduUITests.swift in Sources */,
			);
			runOnlyForDeploymentPostprocessing = 0;
		};
/* End PBXSourcesBuildPhase section */

/* Begin PBXTargetDependency section */
		65A5A6B81E9473200056D42F /* PBXTargetDependency */ = {
			isa = PBXTargetDependency;
			target = 65A5A69E1E9473200056D42F /* Veedu */;
			targetProxy = 65A5A6B71E9473200056D42F /* PBXContainerItemProxy */;
		};
		65A5A6C31E9473200056D42F /* PBXTargetDependency */ = {
			isa = PBXTargetDependency;
			target = 65A5A69E1E9473200056D42F /* Veedu */;
			targetProxy = 65A5A6C21E9473200056D42F /* PBXContainerItemProxy */;
		};
/* End PBXTargetDependency section */

/* Begin PBXVariantGroup section */
		65A5A6A61E9473200056D42F /* Main.storyboard */ = {
			isa = PBXVariantGroup;
			children = (
				65A5A6A71E9473200056D42F /* Base */,
			);
			name = Main.storyboard;
			sourceTree = "<group>";
		};
		65A5A6AE1E9473200056D42F /* LaunchScreen.storyboard */ = {
			isa = PBXVariantGroup;
			children = (
				65A5A6AF1E9473200056D42F /* Base */,
			);
			name = LaunchScreen.storyboard;
			sourceTree = "<group>";
		};
/* End PBXVariantGroup section */

/* Begin XCBuildConfiguration section */
		65A5A6C81E9473200056D42F /* Debug */ = {
			isa = XCBuildConfiguration;
			buildSettings = {
				ALWAYS_SEARCH_USER_PATHS = NO;
				CLANG_ANALYZER_NONNULL = YES;
				CLANG_ANALYZER_NUMBER_OBJECT_CONVERSION = YES_AGGRESSIVE;
				CLANG_CXX_LANGUAGE_STANDARD = "gnu++0x";
				CLANG_CXX_LIBRARY = "libc++";
				CLANG_ENABLE_MODULES = YES;
				CLANG_ENABLE_OBJC_ARC = YES;
				CLANG_WARN_BOOL_CONVERSION = YES;
				CLANG_WARN_CONSTANT_CONVERSION = YES;
				CLANG_WARN_DIRECT_OBJC_ISA_USAGE = YES_ERROR;
				CLANG_WARN_DOCUMENTATION_COMMENTS = YES;
				CLANG_WARN_EMPTY_BODY = YES;
				CLANG_WARN_ENUM_CONVERSION = YES;
				CLANG_WARN_INFINITE_RECURSION = YES;
				CLANG_WARN_INT_CONVERSION = YES;
				CLANG_WARN_OBJC_ROOT_CLASS = YES_ERROR;
				CLANG_WARN_SUSPICIOUS_MOVE = YES;
				CLANG_WARN_UNREACHABLE_CODE = YES;
				CLANG_WARN__DUPLICATE_METHOD_MATCH = YES;
				"CODE_SIGN_IDENTITY[sdk=iphoneos*]" = "iPhone Developer";
				COPY_PHASE_STRIP = NO;
				DEBUG_INFORMATION_FORMAT = dwarf;
				ENABLE_STRICT_OBJC_MSGSEND = YES;
				ENABLE_TESTABILITY = YES;
				GCC_C_LANGUAGE_STANDARD = gnu99;
				GCC_DYNAMIC_NO_PIC = NO;
				GCC_NO_COMMON_BLOCKS = YES;
				GCC_OPTIMIZATION_LEVEL = 0;
				GCC_PREPROCESSOR_DEFINITIONS = (
					"DEBUG=1",
					"$(inherited)",
				);
				GCC_WARN_64_TO_32_BIT_CONVERSION = YES;
				GCC_WARN_ABOUT_RETURN_TYPE = YES_ERROR;
				GCC_WARN_UNDECLARED_SELECTOR = YES;
				GCC_WARN_UNINITIALIZED_AUTOS = YES_AGGRESSIVE;
				GCC_WARN_UNUSED_FUNCTION = YES;
				GCC_WARN_UNUSED_VARIABLE = YES;
				IPHONEOS_DEPLOYMENT_TARGET = 10.3;
				MTL_ENABLE_DEBUG_INFO = YES;
				ONLY_ACTIVE_ARCH = YES;
				SDKROOT = iphoneos;
				SWIFT_ACTIVE_COMPILATION_CONDITIONS = DEBUG;
				SWIFT_OPTIMIZATION_LEVEL = "-Onone";
				TARGETED_DEVICE_FAMILY = "1,2";
			};
			name = Debug;
		};
		65A5A6C91E9473200056D42F /* Release */ = {
			isa = XCBuildConfiguration;
			buildSettings = {
				ALWAYS_SEARCH_USER_PATHS = NO;
				CLANG_ANALYZER_NONNULL = YES;
				CLANG_ANALYZER_NUMBER_OBJECT_CONVERSION = YES_AGGRESSIVE;
				CLANG_CXX_LANGUAGE_STANDARD = "gnu++0x";
				CLANG_CXX_LIBRARY = "libc++";
				CLANG_ENABLE_MODULES = YES;
				CLANG_ENABLE_OBJC_ARC = YES;
				CLANG_WARN_BOOL_CONVERSION = YES;
				CLANG_WARN_CONSTANT_CONVERSION = YES;
				CLANG_WARN_DIRECT_OBJC_ISA_USAGE = YES_ERROR;
				CLANG_WARN_DOCUMENTATION_COMMENTS = YES;
				CLANG_WARN_EMPTY_BODY = YES;
				CLANG_WARN_ENUM_CONVERSION = YES;
				CLANG_WARN_INFINITE_RECURSION = YES;
				CLANG_WARN_INT_CONVERSION = YES;
				CLANG_WARN_OBJC_ROOT_CLASS = YES_ERROR;
				CLANG_WARN_SUSPICIOUS_MOVE = YES;
				CLANG_WARN_UNREACHABLE_CODE = YES;
				CLANG_WARN__DUPLICATE_METHOD_MATCH = YES;
				"CODE_SIGN_IDENTITY[sdk=iphoneos*]" = "iPhone Developer";
				COPY_PHASE_STRIP = NO;
				DEBUG_INFORMATION_FORMAT = "dwarf-with-dsym";
				ENABLE_NS_ASSERTIONS = NO;
				ENABLE_STRICT_OBJC_MSGSEND = YES;
				GCC_C_LANGUAGE_STANDARD = gnu99;
				GCC_NO_COMMON_BLOCKS = YES;
				GCC_WARN_64_TO_32_BIT_CONVERSION = YES;
				GCC_WARN_ABOUT_RETURN_TYPE = YES_ERROR;
				GCC_WARN_UNDECLARED_SELECTOR = YES;
				GCC_WARN_UNINITIALIZED_AUTOS = YES_AGGRESSIVE;
				GCC_WARN_UNUSED_FUNCTION = YES;
				GCC_WARN_UNUSED_VARIABLE = YES;
				IPHONEOS_DEPLOYMENT_TARGET = 10.3;
				MTL_ENABLE_DEBUG_INFO = NO;
				SDKROOT = iphoneos;
				SWIFT_OPTIMIZATION_LEVEL = "-Owholemodule";
				TARGETED_DEVICE_FAMILY = "1,2";
				VALIDATE_PRODUCT = YES;
			};
			name = Release;
		};
		65A5A6CB1E9473200056D42F /* Debug */ = {
			isa = XCBuildConfiguration;
			baseConfigurationReference = 9C95596C7056B142BB97C8DE /* Pods-Veedu.debug.xcconfig */;
			buildSettings = {
				ASSETCATALOG_COMPILER_APPICON_NAME = AppIcon;
				DEVELOPMENT_TEAM = L8R43DTS44;
				INFOPLIST_FILE = Veedu/Info.plist;
				IPHONEOS_DEPLOYMENT_TARGET = 10.2;
				LD_RUNPATH_SEARCH_PATHS = "$(inherited) @executable_path/Frameworks";
				PRODUCT_BUNDLE_IDENTIFIER = com.example.Veedu;
				PRODUCT_NAME = "$(TARGET_NAME)";
				SWIFT_VERSION = 3.0;
			};
			name = Debug;
		};
		65A5A6CC1E9473200056D42F /* Release */ = {
			isa = XCBuildConfiguration;
			baseConfigurationReference = 234F2E22451543174FB5CADF /* Pods-Veedu.release.xcconfig */;
			buildSettings = {
				ASSETCATALOG_COMPILER_APPICON_NAME = AppIcon;
				DEVELOPMENT_TEAM = L8R43DTS44;
				INFOPLIST_FILE = Veedu/Info.plist;
				IPHONEOS_DEPLOYMENT_TARGET = 10.2;
				LD_RUNPATH_SEARCH_PATHS = "$(inherited) @executable_path/Frameworks";
				PRODUCT_BUNDLE_IDENTIFIER = com.example.Veedu;
				PRODUCT_NAME = "$(TARGET_NAME)";
				SWIFT_VERSION = 3.0;
			};
			name = Release;
		};
		65A5A6CE1E9473200056D42F /* Debug */ = {
			isa = XCBuildConfiguration;
			baseConfigurationReference = 237EACF766333F376CE136F0 /* Pods-VeeduTests.debug.xcconfig */;
			buildSettings = {
				ALWAYS_EMBED_SWIFT_STANDARD_LIBRARIES = YES;
				BUNDLE_LOADER = "$(TEST_HOST)";
				INFOPLIST_FILE = VeeduTests/Info.plist;
				LD_RUNPATH_SEARCH_PATHS = "$(inherited) @executable_path/Frameworks @loader_path/Frameworks";
				PRODUCT_BUNDLE_IDENTIFIER = com.example.VeeduTests;
				PRODUCT_NAME = "$(TARGET_NAME)";
				SWIFT_VERSION = 3.0;
				TEST_HOST = "$(BUILT_PRODUCTS_DIR)/Veedu.app/Veedu";
			};
			name = Debug;
		};
		65A5A6CF1E9473200056D42F /* Release */ = {
			isa = XCBuildConfiguration;
			baseConfigurationReference = 6B620D00CCEDE04C4F668473 /* Pods-VeeduTests.release.xcconfig */;
			buildSettings = {
				ALWAYS_EMBED_SWIFT_STANDARD_LIBRARIES = YES;
				BUNDLE_LOADER = "$(TEST_HOST)";
				INFOPLIST_FILE = VeeduTests/Info.plist;
				LD_RUNPATH_SEARCH_PATHS = "$(inherited) @executable_path/Frameworks @loader_path/Frameworks";
				PRODUCT_BUNDLE_IDENTIFIER = com.example.VeeduTests;
				PRODUCT_NAME = "$(TARGET_NAME)";
				SWIFT_VERSION = 3.0;
				TEST_HOST = "$(BUILT_PRODUCTS_DIR)/Veedu.app/Veedu";
			};
			name = Release;
		};
		65A5A6D11E9473200056D42F /* Debug */ = {
			isa = XCBuildConfiguration;
			baseConfigurationReference = 99198D5149E7C5A0620DC2A4 /* Pods-VeeduUITests.debug.xcconfig */;
			buildSettings = {
				ALWAYS_EMBED_SWIFT_STANDARD_LIBRARIES = YES;
				INFOPLIST_FILE = VeeduUITests/Info.plist;
				LD_RUNPATH_SEARCH_PATHS = "$(inherited) @executable_path/Frameworks @loader_path/Frameworks";
				PRODUCT_BUNDLE_IDENTIFIER = com.example.VeeduUITests;
				PRODUCT_NAME = "$(TARGET_NAME)";
				SWIFT_VERSION = 3.0;
				TEST_TARGET_NAME = Veedu;
			};
			name = Debug;
		};
		65A5A6D21E9473200056D42F /* Release */ = {
			isa = XCBuildConfiguration;
			baseConfigurationReference = 8A37C32EA5C692D5C6E6FB32 /* Pods-VeeduUITests.release.xcconfig */;
			buildSettings = {
				ALWAYS_EMBED_SWIFT_STANDARD_LIBRARIES = YES;
				INFOPLIST_FILE = VeeduUITests/Info.plist;
				LD_RUNPATH_SEARCH_PATHS = "$(inherited) @executable_path/Frameworks @loader_path/Frameworks";
				PRODUCT_BUNDLE_IDENTIFIER = com.example.VeeduUITests;
				PRODUCT_NAME = "$(TARGET_NAME)";
				SWIFT_VERSION = 3.0;
				TEST_TARGET_NAME = Veedu;
			};
			name = Release;
		};
/* End XCBuildConfiguration section */

/* Begin XCConfigurationList section */
		65A5A69A1E9473200056D42F /* Build configuration list for PBXProject "Veedu" */ = {
			isa = XCConfigurationList;
			buildConfigurations = (
				65A5A6C81E9473200056D42F /* Debug */,
				65A5A6C91E9473200056D42F /* Release */,
			);
			defaultConfigurationIsVisible = 0;
			defaultConfigurationName = Release;
		};
		65A5A6CA1E9473200056D42F /* Build configuration list for PBXNativeTarget "Veedu" */ = {
			isa = XCConfigurationList;
			buildConfigurations = (
				65A5A6CB1E9473200056D42F /* Debug */,
				65A5A6CC1E9473200056D42F /* Release */,
			);
			defaultConfigurationIsVisible = 0;
			defaultConfigurationName = Release;
		};
		65A5A6CD1E9473200056D42F /* Build configuration list for PBXNativeTarget "VeeduTests" */ = {
			isa = XCConfigurationList;
			buildConfigurations = (
				65A5A6CE1E9473200056D42F /* Debug */,
				65A5A6CF1E9473200056D42F /* Release */,
			);
			defaultConfigurationIsVisible = 0;
			defaultConfigurationName = Release;
		};
		65A5A6D01E9473200056D42F /* Build configuration list for PBXNativeTarget "VeeduUITests" */ = {
			isa = XCConfigurationList;
			buildConfigurations = (
				65A5A6D11E9473200056D42F /* Debug */,
				65A5A6D21E9473200056D42F /* Release */,
			);
			defaultConfigurationIsVisible = 0;
			defaultConfigurationName = Release;
		};
/* End XCConfigurationList section */

/* Begin XCVersionGroup section */
		65A5A6A91E9473200056D42F /* Veedu.xcdatamodeld */ = {
			isa = XCVersionGroup;
			children = (
				65A5A6AA1E9473200056D42F /* Veedu.xcdatamodel */,
			);
			currentVersion = 65A5A6AA1E9473200056D42F /* Veedu.xcdatamodel */;
			path = Veedu.xcdatamodeld;
			sourceTree = "<group>";
			versionGroupType = wrapper.xcdatamodel;
		};
/* End XCVersionGroup section */
	};
	rootObject = 65A5A6971E9473200056D42F /* Project object */;
}
