// !$*UTF8*$!
{
	archiveVersion = 1;
	classes = {
	};
	objectVersion = 46;
	objects = {

/* Begin PBXBuildFile section */
		C4EE41A41E95976A00460F97 /* AppDelegate.swift in Sources */ = {isa = PBXBuildFile; fileRef = C4EE41A31E95976A00460F97 /* AppDelegate.swift */; };
		C4EE41A61E95976A00460F97 /* ViewController.swift in Sources */ = {isa = PBXBuildFile; fileRef = C4EE41A51E95976A00460F97 /* ViewController.swift */; };
		C4EE41A91E95976A00460F97 /* Main.storyboard in Resources */ = {isa = PBXBuildFile; fileRef = C4EE41A71E95976A00460F97 /* Main.storyboard */; };
		C4EE41AC1E95976A00460F97 /* CoreDataLab.xcdatamodeld in Sources */ = {isa = PBXBuildFile; fileRef = C4EE41AA1E95976A00460F97 /* CoreDataLab.xcdatamodeld */; };
		C4EE41AE1E95976A00460F97 /* Assets.xcassets in Resources */ = {isa = PBXBuildFile; fileRef = C4EE41AD1E95976A00460F97 /* Assets.xcassets */; };
		C4EE41B11E95976A00460F97 /* LaunchScreen.storyboard in Resources */ = {isa = PBXBuildFile; fileRef = C4EE41AF1E95976A00460F97 /* LaunchScreen.storyboard */; };
		C4EE41BA1E95A3C600460F97 /* Product+CoreDataClass.swift in Sources */ = {isa = PBXBuildFile; fileRef = C4EE41B81E95A3C600460F97 /* Product+CoreDataClass.swift */; };
		C4EE41BB1E95A3C600460F97 /* Product+CoreDataProperties.swift in Sources */ = {isa = PBXBuildFile; fileRef = C4EE41B91E95A3C600460F97 /* Product+CoreDataProperties.swift */; };
/* End PBXBuildFile section */

/* Begin PBXFileReference section */
		C4EE41A01E95976A00460F97 /* CoreDataLab.app */ = {isa = PBXFileReference; explicitFileType = wrapper.application; includeInIndex = 0; path = CoreDataLab.app; sourceTree = BUILT_PRODUCTS_DIR; };
		C4EE41A31E95976A00460F97 /* AppDelegate.swift */ = {isa = PBXFileReference; lastKnownFileType = sourcecode.swift; path = AppDelegate.swift; sourceTree = "<group>"; };
		C4EE41A51E95976A00460F97 /* ViewController.swift */ = {isa = PBXFileReference; lastKnownFileType = sourcecode.swift; path = ViewController.swift; sourceTree = "<group>"; };
		C4EE41A81E95976A00460F97 /* Base */ = {isa = PBXFileReference; lastKnownFileType = file.storyboard; name = Base; path = Base.lproj/Main.storyboard; sourceTree = "<group>"; };
		C4EE41AB1E95976A00460F97 /* CoreDataLab.xcdatamodel */ = {isa = PBXFileReference; lastKnownFileType = wrapper.xcdatamodel; path = CoreDataLab.xcdatamodel; sourceTree = "<group>"; };
		C4EE41AD1E95976A00460F97 /* Assets.xcassets */ = {isa = PBXFileReference; lastKnownFileType = folder.assetcatalog; path = Assets.xcassets; sourceTree = "<group>"; };
		C4EE41B01E95976A00460F97 /* Base */ = {isa = PBXFileReference; lastKnownFileType = file.storyboard; name = Base; path = Base.lproj/LaunchScreen.storyboard; sourceTree = "<group>"; };
		C4EE41B21E95976A00460F97 /* Info.plist */ = {isa = PBXFileReference; lastKnownFileType = text.plist.xml; path = Info.plist; sourceTree = "<group>"; };
		C4EE41B81E95A3C600460F97 /* Product+CoreDataClass.swift */ = {isa = PBXFileReference; fileEncoding = 4; lastKnownFileType = sourcecode.swift; path = "Product+CoreDataClass.swift"; sourceTree = "<group>"; };
		C4EE41B91E95A3C600460F97 /* Product+CoreDataProperties.swift */ = {isa = PBXFileReference; fileEncoding = 4; lastKnownFileType = sourcecode.swift; path = "Product+CoreDataProperties.swift"; sourceTree = "<group>"; };
/* End PBXFileReference section */

/* Begin PBXFrameworksBuildPhase section */
		C4EE419D1E95976A00460F97 /* Frameworks */ = {
			isa = PBXFrameworksBuildPhase;
			buildActionMask = 2147483647;
			files = (
			);
			runOnlyForDeploymentPostprocessing = 0;
		};
/* End PBXFrameworksBuildPhase section */

/* Begin PBXGroup section */
		C4EE41971E95976A00460F97 = {
			isa = PBXGroup;
			children = (
				C4EE41A21E95976A00460F97 /* CoreDataLab */,
				C4EE41A11E95976A00460F97 /* Products */,
			);
			sourceTree = "<group>";
		};
		C4EE41A11E95976A00460F97 /* Products */ = {
			isa = PBXGroup;
			children = (
				C4EE41A01E95976A00460F97 /* CoreDataLab.app */,
			);
			name = Products;
			sourceTree = "<group>";
		};
		C4EE41A21E95976A00460F97 /* CoreDataLab */ = {
			isa = PBXGroup;
			children = (
				C4EE41BC1E95A3CC00460F97 /* Core Data */,
				C4EE41A31E95976A00460F97 /* AppDelegate.swift */,
				C4EE41A51E95976A00460F97 /* ViewController.swift */,
				C4EE41A71E95976A00460F97 /* Main.storyboard */,
				C4EE41AD1E95976A00460F97 /* Assets.xcassets */,
				C4EE41AF1E95976A00460F97 /* LaunchScreen.storyboard */,
				C4EE41B21E95976A00460F97 /* Info.plist */,
				C4EE41AA1E95976A00460F97 /* CoreDataLab.xcdatamodeld */,
			);
			path = CoreDataLab;
			sourceTree = "<group>";
		};
		C4EE41BC1E95A3CC00460F97 /* Core Data */ = {
			isa = PBXGroup;
			children = (
				C4EE41B81E95A3C600460F97 /* Product+CoreDataClass.swift */,
				C4EE41B91E95A3C600460F97 /* Product+CoreDataProperties.swift */,
			);
			name = "Core Data";
			sourceTree = "<group>";
		};
/* End PBXGroup section */

/* Begin PBXNativeTarget section */
		C4EE419F1E95976A00460F97 /* CoreDataLab */ = {
			isa = PBXNativeTarget;
			buildConfigurationList = C4EE41B51E95976A00460F97 /* Build configuration list for PBXNativeTarget "CoreDataLab" */;
			buildPhases = (
				C4EE419C1E95976A00460F97 /* Sources */,
				C4EE419D1E95976A00460F97 /* Frameworks */,
				C4EE419E1E95976A00460F97 /* Resources */,
			);
			buildRules = (
			);
			dependencies = (
			);
			name = CoreDataLab;
			productName = CoreDataLab;
			productReference = C4EE41A01E95976A00460F97 /* CoreDataLab.app */;
			productType = "com.apple.product-type.application";
		};
/* End PBXNativeTarget section */

/* Begin PBXProject section */
		C4EE41981E95976A00460F97 /* Project object */ = {
			isa = PBXProject;
			attributes = {
				LastSwiftUpdateCheck = 0820;
				LastUpgradeCheck = 0820;
				ORGANIZATIONNAME = "Prathiba Lingappan";
				TargetAttributes = {
					C4EE419F1E95976A00460F97 = {
						CreatedOnToolsVersion = 8.2.1;
						DevelopmentTeam = 4945BM32J2;
						ProvisioningStyle = Automatic;
					};
				};
			};
			buildConfigurationList = C4EE419B1E95976A00460F97 /* Build configuration list for PBXProject "CoreDataLab" */;
			compatibilityVersion = "Xcode 3.2";
			developmentRegion = English;
			hasScannedForEncodings = 0;
			knownRegions = (
				en,
				Base,
			);
			mainGroup = C4EE41971E95976A00460F97;
			productRefGroup = C4EE41A11E95976A00460F97 /* Products */;
			projectDirPath = "";
			projectRoot = "";
			targets = (
				C4EE419F1E95976A00460F97 /* CoreDataLab */,
			);
		};
/* End PBXProject section */

/* Begin PBXResourcesBuildPhase section */
		C4EE419E1E95976A00460F97 /* Resources */ = {
			isa = PBXResourcesBuildPhase;
			buildActionMask = 2147483647;
			files = (
				C4EE41B11E95976A00460F97 /* LaunchScreen.storyboard in Resources */,
				C4EE41AE1E95976A00460F97 /* Assets.xcassets in Resources */,
				C4EE41A91E95976A00460F97 /* Main.storyboard in Resources */,
			);
			runOnlyForDeploymentPostprocessing = 0;
		};
/* End PBXResourcesBuildPhase section */

/* Begin PBXSourcesBuildPhase section */
		C4EE419C1E95976A00460F97 /* Sources */ = {
			isa = PBXSourcesBuildPhase;
			buildActionMask = 2147483647;
			files = (
				C4EE41BB1E95A3C600460F97 /* Product+CoreDataProperties.swift in Sources */,
				C4EE41A61E95976A00460F97 /* ViewController.swift in Sources */,
				C4EE41AC1E95976A00460F97 /* CoreDataLab.xcdatamodeld in Sources */,
				C4EE41A41E95976A00460F97 /* AppDelegate.swift in Sources */,
				C4EE41BA1E95A3C600460F97 /* Product+CoreDataClass.swift in Sources */,
			);
			runOnlyForDeploymentPostprocessing = 0;
		};
/* End PBXSourcesBuildPhase section */

/* Begin PBXVariantGroup section */
		C4EE41A71E95976A00460F97 /* Main.storyboard */ = {
			isa = PBXVariantGroup;
			children = (
				C4EE41A81E95976A00460F97 /* Base */,
			);
			name = Main.storyboard;
			sourceTree = "<group>";
		};
		C4EE41AF1E95976A00460F97 /* LaunchScreen.storyboard */ = {
			isa = PBXVariantGroup;
			children = (
				C4EE41B01E95976A00460F97 /* Base */,
			);
			name = LaunchScreen.storyboard;
			sourceTree = "<group>";
		};
/* End PBXVariantGroup section */

/* Begin XCBuildConfiguration section */
		C4EE41B31E95976A00460F97 /* Debug */ = {
			isa = XCBuildConfiguration;
			buildSettings = {
				ALWAYS_SEARCH_USER_PATHS = NO;
				CLANG_ANALYZER_NONNULL = YES;
				CLANG_CXX_LANGUAGE_STANDARD = "gnu++0x";
				CLANG_CXX_LIBRARY = "libc++";
				CLANG_ENABLE_MODULES = YES;
				CLANG_ENABLE_OBJC_ARC = YES;
				CLANG_WARN_BOOL_CONVERSION = YES;
				CLANG_WARN_CONSTANT_CONVERSION = YES;
				CLANG_WARN_DIRECT_OBJC_ISA_USAGE = YES_ERROR;
				CLANG_WARN_DOCUMENTATION_COMMENTS = YES;
				CLANG_WARN_EMPTY_BODY = YES;
				CLANG_WARN_ENUM_CONVERSION = YES;
				CLANG_WARN_INFINITE_RECURSION = YES;
				CLANG_WARN_INT_CONVERSION = YES;
				CLANG_WARN_OBJC_ROOT_CLASS = YES_ERROR;
				CLANG_WARN_SUSPICIOUS_MOVE = YES;
				CLANG_WARN_UNREACHABLE_CODE = YES;
				CLANG_WARN__DUPLICATE_METHOD_MATCH = YES;
				"CODE_SIGN_IDENTITY[sdk=iphoneos*]" = "iPhone Developer";
				COPY_PHASE_STRIP = NO;
				DEBUG_INFORMATION_FORMAT = dwarf;
				ENABLE_STRICT_OBJC_MSGSEND = YES;
				ENABLE_TESTABILITY = YES;
				GCC_C_LANGUAGE_STANDARD = gnu99;
				GCC_DYNAMIC_NO_PIC = NO;
				GCC_NO_COMMON_BLOCKS = YES;
				GCC_OPTIMIZATION_LEVEL = 0;
				GCC_PREPROCESSOR_DEFINITIONS = (
					"DEBUG=1",
					"$(inherited)",
				);
				GCC_WARN_64_TO_32_BIT_CONVERSION = YES;
				GCC_WARN_ABOUT_RETURN_TYPE = YES_ERROR;
				GCC_WARN_UNDECLARED_SELECTOR = YES;
				GCC_WARN_UNINITIALIZED_AUTOS = YES_AGGRESSIVE;
				GCC_WARN_UNUSED_FUNCTION = YES;
				GCC_WARN_UNUSED_VARIABLE = YES;
				IPHONEOS_DEPLOYMENT_TARGET = 10.2;
				MTL_ENABLE_DEBUG_INFO = YES;
				ONLY_ACTIVE_ARCH = YES;
				SDKROOT = iphoneos;
				SWIFT_ACTIVE_COMPILATION_CONDITIONS = DEBUG;
				SWIFT_OPTIMIZATION_LEVEL = "-Onone";
				TARGETED_DEVICE_FAMILY = "1,2";
			};
			name = Debug;
		};
		C4EE41B41E95976A00460F97 /* Release */ = {
			isa = XCBuildConfiguration;
			buildSettings = {
				ALWAYS_SEARCH_USER_PATHS = NO;
				CLANG_ANALYZER_NONNULL = YES;
				CLANG_CXX_LANGUAGE_STANDARD = "gnu++0x";
				CLANG_CXX_LIBRARY = "libc++";
				CLANG_ENABLE_MODULES = YES;
				CLANG_ENABLE_OBJC_ARC = YES;
				CLANG_WARN_BOOL_CONVERSION = YES;
				CLANG_WARN_CONSTANT_CONVERSION = YES;
				CLANG_WARN_DIRECT_OBJC_ISA_USAGE = YES_ERROR;
				CLANG_WARN_DOCUMENTATION_COMMENTS = YES;
				CLANG_WARN_EMPTY_BODY = YES;
				CLANG_WARN_ENUM_CONVERSION = YES;
				CLANG_WARN_INFINITE_RECURSION = YES;
				CLANG_WARN_INT_CONVERSION = YES;
				CLANG_WARN_OBJC_ROOT_CLASS = YES_ERROR;
				CLANG_WARN_SUSPICIOUS_MOVE = YES;
				CLANG_WARN_UNREACHABLE_CODE = YES;
				CLANG_WARN__DUPLICATE_METHOD_MATCH = YES;
				"CODE_SIGN_IDENTITY[sdk=iphoneos*]" = "iPhone Developer";
				COPY_PHASE_STRIP = NO;
				DEBUG_INFORMATION_FORMAT = "dwarf-with-dsym";
				ENABLE_NS_ASSERTIONS = NO;
				ENABLE_STRICT_OBJC_MSGSEND = YES;
				GCC_C_LANGUAGE_STANDARD = gnu99;
				GCC_NO_COMMON_BLOCKS = YES;
				GCC_WARN_64_TO_32_BIT_CONVERSION = YES;
				GCC_WARN_ABOUT_RETURN_TYPE = YES_ERROR;
				GCC_WARN_UNDECLARED_SELECTOR = YES;
				GCC_WARN_UNINITIALIZED_AUTOS = YES_AGGRESSIVE;
				GCC_WARN_UNUSED_FUNCTION = YES;
				GCC_WARN_UNUSED_VARIABLE = YES;
				IPHONEOS_DEPLOYMENT_TARGET = 10.2;
				MTL_ENABLE_DEBUG_INFO = NO;
				SDKROOT = iphoneos;
				SWIFT_OPTIMIZATION_LEVEL = "-Owholemodule";
				TARGETED_DEVICE_FAMILY = "1,2";
				VALIDATE_PRODUCT = YES;
			};
			name = Release;
		};
		C4EE41B61E95976A00460F97 /* Debug */ = {
			isa = XCBuildConfiguration;
			buildSettings = {
				ASSETCATALOG_COMPILER_APPICON_NAME = AppIcon;
				DEVELOPMENT_TEAM = 4945BM32J2;
				INFOPLIST_FILE = CoreDataLab/Info.plist;
				LD_RUNPATH_SEARCH_PATHS = "$(inherited) @executable_path/Frameworks";
				PRODUCT_BUNDLE_IDENTIFIER = io.lp.CoreDataLab;
				PRODUCT_NAME = "$(TARGET_NAME)";
				SWIFT_VERSION = 3.0;
			};
			name = Debug;
		};
		C4EE41B71E95976A00460F97 /* Release */ = {
			isa = XCBuildConfiguration;
			buildSettings = {
				ASSETCATALOG_COMPILER_APPICON_NAME = AppIcon;
				DEVELOPMENT_TEAM = 4945BM32J2;
				INFOPLIST_FILE = CoreDataLab/Info.plist;
				LD_RUNPATH_SEARCH_PATHS = "$(inherited) @executable_path/Frameworks";
				PRODUCT_BUNDLE_IDENTIFIER = io.lp.CoreDataLab;
				PRODUCT_NAME = "$(TARGET_NAME)";
				SWIFT_VERSION = 3.0;
			};
			name = Release;
		};
/* End XCBuildConfiguration section */

/* Begin XCConfigurationList section */
		C4EE419B1E95976A00460F97 /* Build configuration list for PBXProject "CoreDataLab" */ = {
			isa = XCConfigurationList;
			buildConfigurations = (
				C4EE41B31E95976A00460F97 /* Debug */,
				C4EE41B41E95976A00460F97 /* Release */,
			);
			defaultConfigurationIsVisible = 0;
			defaultConfigurationName = Release;
		};
		C4EE41B51E95976A00460F97 /* Build configuration list for PBXNativeTarget "CoreDataLab" */ = {
			isa = XCConfigurationList;
			buildConfigurations = (
				C4EE41B61E95976A00460F97 /* Debug */,
				C4EE41B71E95976A00460F97 /* Release */,
			);
			defaultConfigurationIsVisible = 0;
		};
/* End XCConfigurationList section */

/* Begin XCVersionGroup section */
		C4EE41AA1E95976A00460F97 /* CoreDataLab.xcdatamodeld */ = {
			isa = XCVersionGroup;
			children = (
				C4EE41AB1E95976A00460F97 /* CoreDataLab.xcdatamodel */,
			);
			currentVersion = C4EE41AB1E95976A00460F97 /* CoreDataLab.xcdatamodel */;
			path = CoreDataLab.xcdatamodeld;
			sourceTree = "<group>";
			versionGroupType = wrapper.xcdatamodel;
		};
/* End XCVersionGroup section */
	};
	rootObject = C4EE41981E95976A00460F97 /* Project object */;
}
